
Microsoft Visual Studio Solution File, Format Version 12.00
# Visual Studio 2013
VisualStudioVersion = 12.0.21005.1
MinimumVisualStudioVersion = 10.0.40219.1
Project("{E24C65DC-7377-472B-9ABA-BC803B73C61A}") = "Copy of GovSystem", "http://localhost:4263", "{6BC71362-5808-412D-B951-1CFEE9CF2848}"
	ProjectSection(WebsiteProperties) = preProject
		UseIISExpress = "true"
		TargetFrameworkMoniker = ".NETFramework,Version%3Dv3.5"
		Debug.AspNetCompiler.VirtualPath = "/localhost_4263"
		Debug.AspNetCompiler.PhysicalPath = "D:\Aviran\Aviran Projects\Copy of GovSystem\"
		Debug.AspNetCompiler.TargetPath = "PrecompiledWeb\localhost_4263\"
		Debug.AspNetCompiler.Updateable = "true"
		Debug.AspNetCompiler.ForceOverwrite = "true"
		Debug.AspNetCompiler.FixedNames = "false"
		Debug.AspNetCompiler.Debug = "True"
		Release.AspNetCompiler.VirtualPath = "/localhost_4263"
		Release.AspNetCompiler.PhysicalPath = "D:\Aviran\Aviran Projects\Copy of GovSystem\"
		Release.AspNetCompiler.TargetPath = "PrecompiledWeb\localhost_4263\"
		Release.AspNetCompiler.Updateable = "true"
		Release.AspNetCompiler.ForceOverwrite = "true"
		Release.AspNetCompiler.FixedNames = "false"
		Release.AspNetCompiler.Debug = "False"
		SlnRelativePath = "D:\Aviran\Aviran Projects\Copy of GovSystem\"
	EndProjectSection
EndProject
Global
	GlobalSection(SolutionConfigurationPlatforms) = preSolution
		Debug|Any CPU = Debug|Any CPU
	EndGlobalSection
	GlobalSection(ProjectConfigurationPlatforms) = postSolution
		{6BC71362-5808-412D-B951-1CFEE9CF2848}.Debug|Any CPU.ActiveCfg = Debug|Any CPU
		{6BC71362-5808-412D-B951-1CFEE9CF2848}.Debug|Any CPU.Build.0 = Debug|Any CPU
	EndGlobalSection
	GlobalSection(SolutionProperties) = preSolution
		HideSolutionNode = FALSE
	EndGlobalSection
EndGlobal
